// !$*UTF8*$!
{
	archiveVersion = 1;
	classes = {
	};
	objectVersion = 56;
	objects = {

/* Begin PBXBuildFile section */
		863E36202AF5EEE9009B0C9D /* ToDoService.swift in Sources */ = {isa = PBXBuildFile; fileRef = 863E361F2AF5EEE9009B0C9D /* ToDoService.swift */; };
		863E36222AF6261E009B0C9D /* QuotesByCategoryViewController.swift in Sources */ = {isa = PBXBuildFile; fileRef = 863E36212AF6261E009B0C9D /* QuotesByCategoryViewController.swift */; };
		863E36272AF63857009B0C9D /* CellViewCell.swift in Sources */ = {isa = PBXBuildFile; fileRef = 863E36262AF63857009B0C9D /* CellViewCell.swift */; };
		86BA794F2AF37A460021E40B /* AppDelegate.swift in Sources */ = {isa = PBXBuildFile; fileRef = 86BA794E2AF37A460021E40B /* AppDelegate.swift */; };
		86BA79512AF37A460021E40B /* SceneDelegate.swift in Sources */ = {isa = PBXBuildFile; fileRef = 86BA79502AF37A460021E40B /* SceneDelegate.swift */; };
		86BA79532AF37A460021E40B /* FirstViewController.swift in Sources */ = {isa = PBXBuildFile; fileRef = 86BA79522AF37A460021E40B /* FirstViewController.swift */; };
		86BA79582AF37A490021E40B /* Assets.xcassets in Resources */ = {isa = PBXBuildFile; fileRef = 86BA79572AF37A490021E40B /* Assets.xcassets */; };
		86BA795B2AF37A490021E40B /* LaunchScreen.storyboard in Resources */ = {isa = PBXBuildFile; fileRef = 86BA79592AF37A490021E40B /* LaunchScreen.storyboard */; };
		86BA79642AF37DCB0021E40B /* Realm in Frameworks */ = {isa = PBXBuildFile; productRef = 86BA79632AF37DCB0021E40B /* Realm */; };
		86BA79662AF37DCB0021E40B /* RealmSwift in Frameworks */ = {isa = PBXBuildFile; productRef = 86BA79652AF37DCB0021E40B /* RealmSwift */; };
		86BA796B2AF390A30021E40B /* Quote.swift in Sources */ = {isa = PBXBuildFile; fileRef = 86BA796A2AF390A30021E40B /* Quote.swift */; };
		86BA79702AF3A3620021E40B /* NetworkService.swift in Sources */ = {isa = PBXBuildFile; fileRef = 86BA796F2AF3A3620021E40B /* NetworkService.swift */; };
		86BA79722AF3B0870021E40B /* QuoteJSON.swift in Sources */ = {isa = PBXBuildFile; fileRef = 86BA79712AF3B0870021E40B /* QuoteJSON.swift */; };
		86BA79742AF3DFF40021E40B /* SecondViewController.swift in Sources */ = {isa = PBXBuildFile; fileRef = 86BA79732AF3DFF40021E40B /* SecondViewController.swift */; };
		86BA79762AF3E0800021E40B /* ThirdViewController.swift in Sources */ = {isa = PBXBuildFile; fileRef = 86BA79752AF3E0800021E40B /* ThirdViewController.swift */; };
/* End PBXBuildFile section */

/* Begin PBXFileReference section */
		863E361F2AF5EEE9009B0C9D /* ToDoService.swift */ = {isa = PBXFileReference; lastKnownFileType = sourcecode.swift; path = ToDoService.swift; sourceTree = "<group>"; };
		863E36212AF6261E009B0C9D /* QuotesByCategoryViewController.swift */ = {isa = PBXFileReference; lastKnownFileType = sourcecode.swift; path = QuotesByCategoryViewController.swift; sourceTree = "<group>"; };
		863E36262AF63857009B0C9D /* CellViewCell.swift */ = {isa = PBXFileReference; lastKnownFileType = sourcecode.swift; path = CellViewCell.swift; sourceTree = "<group>"; };
		86BA794B2AF37A460021E40B /* QuotesApp.app */ = {isa = PBXFileReference; explicitFileType = wrapper.application; includeInIndex = 0; path = QuotesApp.app; sourceTree = BUILT_PRODUCTS_DIR; };
		86BA794E2AF37A460021E40B /* AppDelegate.swift */ = {isa = PBXFileReference; lastKnownFileType = sourcecode.swift; path = AppDelegate.swift; sourceTree = "<group>"; };
		86BA79502AF37A460021E40B /* SceneDelegate.swift */ = {isa = PBXFileReference; lastKnownFileType = sourcecode.swift; path = SceneDelegate.swift; sourceTree = "<group>"; };
		86BA79522AF37A460021E40B /* FirstViewController.swift */ = {isa = PBXFileReference; lastKnownFileType = sourcecode.swift; path = FirstViewController.swift; sourceTree = "<group>"; };
		86BA79572AF37A490021E40B /* Assets.xcassets */ = {isa = PBXFileReference; lastKnownFileType = folder.assetcatalog; path = Assets.xcassets; sourceTree = "<group>"; };
		86BA795A2AF37A490021E40B /* Base */ = {isa = PBXFileReference; lastKnownFileType = file.storyboard; name = Base; path = Base.lproj/LaunchScreen.storyboard; sourceTree = "<group>"; };
		86BA795C2AF37A490021E40B /* Info.plist */ = {isa = PBXFileReference; lastKnownFileType = text.plist.xml; path = Info.plist; sourceTree = "<group>"; };
		86BA796A2AF390A30021E40B /* Quote.swift */ = {isa = PBXFileReference; lastKnownFileType = sourcecode.swift; path = Quote.swift; sourceTree = "<group>"; };
		86BA796F2AF3A3620021E40B /* NetworkService.swift */ = {isa = PBXFileReference; lastKnownFileType = sourcecode.swift; path = NetworkService.swift; sourceTree = "<group>"; };
		86BA79712AF3B0870021E40B /* QuoteJSON.swift */ = {isa = PBXFileReference; lastKnownFileType = sourcecode.swift; path = QuoteJSON.swift; sourceTree = "<group>"; };
		86BA79732AF3DFF40021E40B /* SecondViewController.swift */ = {isa = PBXFileReference; lastKnownFileType = sourcecode.swift; path = SecondViewController.swift; sourceTree = "<group>"; };
		86BA79752AF3E0800021E40B /* ThirdViewController.swift */ = {isa = PBXFileReference; lastKnownFileType = sourcecode.swift; path = ThirdViewController.swift; sourceTree = "<group>"; };
/* End PBXFileReference section */

/* Begin PBXFrameworksBuildPhase section */
		86BA79482AF37A460021E40B /* Frameworks */ = {
			isa = PBXFrameworksBuildPhase;
			buildActionMask = 2147483647;
			files = (
				86BA79662AF37DCB0021E40B /* RealmSwift in Frameworks */,
				86BA79642AF37DCB0021E40B /* Realm in Frameworks */,
			);
			runOnlyForDeploymentPostprocessing = 0;
		};
/* End PBXFrameworksBuildPhase section */

/* Begin PBXGroup section */
		863E36232AF637DD009B0C9D /* Cell */ = {
			isa = PBXGroup;
			children = (
			);
			path = Cell;
			sourceTree = "<group>";
		};
		863E36252AF6382B009B0C9D /* Cell */ = {
			isa = PBXGroup;
			children = (
				863E36262AF63857009B0C9D /* CellViewCell.swift */,
			);
			path = Cell;
			sourceTree = "<group>";
		};
		86BA79422AF37A460021E40B = {
			isa = PBXGroup;
			children = (
				86BA79682AF380A30021E40B /* App */,
				86BA79692AF390840021E40B /* Model */,
				86BA796C2AF391B50021E40B /* Service */,
				86BA79672AF3808D0021E40B /* Controllers */,
				863E36252AF6382B009B0C9D /* Cell */,
				86BA794D2AF37A460021E40B /* QuotesApp */,
				86BA794C2AF37A460021E40B /* Products */,
			);
			sourceTree = "<group>";
		};
		86BA794C2AF37A460021E40B /* Products */ = {
			isa = PBXGroup;
			children = (
				86BA794B2AF37A460021E40B /* QuotesApp.app */,
			);
			name = Products;
			sourceTree = "<group>";
		};
		86BA794D2AF37A460021E40B /* QuotesApp */ = {
			isa = PBXGroup;
			children = (
				863E36232AF637DD009B0C9D /* Cell */,
				86BA79572AF37A490021E40B /* Assets.xcassets */,
				86BA79592AF37A490021E40B /* LaunchScreen.storyboard */,
				86BA795C2AF37A490021E40B /* Info.plist */,
			);
			path = QuotesApp;
			sourceTree = "<group>";
		};
		86BA79672AF3808D0021E40B /* Controllers */ = {
			isa = PBXGroup;
			children = (
				86BA79522AF37A460021E40B /* FirstViewController.swift */,
				86BA79732AF3DFF40021E40B /* SecondViewController.swift */,
				86BA79752AF3E0800021E40B /* ThirdViewController.swift */,
				863E36212AF6261E009B0C9D /* QuotesByCategoryViewController.swift */,
			);
			path = Controllers;
			sourceTree = "<group>";
		};
		86BA79682AF380A30021E40B /* App */ = {
			isa = PBXGroup;
			children = (
				86BA79502AF37A460021E40B /* SceneDelegate.swift */,
				86BA794E2AF37A460021E40B /* AppDelegate.swift */,
			);
			path = App;
			sourceTree = "<group>";
		};
		86BA79692AF390840021E40B /* Model */ = {
			isa = PBXGroup;
			children = (
				86BA796A2AF390A30021E40B /* Quote.swift */,
				86BA79712AF3B0870021E40B /* QuoteJSON.swift */,
			);
			path = Model;
			sourceTree = "<group>";
		};
		86BA796C2AF391B50021E40B /* Service */ = {
			isa = PBXGroup;
			children = (
				863E361F2AF5EEE9009B0C9D /* ToDoService.swift */,
				86BA796F2AF3A3620021E40B /* NetworkService.swift */,
			);
			path = Service;
			sourceTree = "<group>";
		};
/* End PBXGroup section */

/* Begin PBXNativeTarget section */
		86BA794A2AF37A460021E40B /* QuotesApp */ = {
			isa = PBXNativeTarget;
			buildConfigurationList = 86BA795F2AF37A490021E40B /* Build configuration list for PBXNativeTarget "QuotesApp" */;
			buildPhases = (
				86BA79472AF37A460021E40B /* Sources */,
				86BA79482AF37A460021E40B /* Frameworks */,
				86BA79492AF37A460021E40B /* Resources */,
			);
			buildRules = (
			);
			dependencies = (
			);
			name = QuotesApp;
			packageProductDependencies = (
				86BA79632AF37DCB0021E40B /* Realm */,
				86BA79652AF37DCB0021E40B /* RealmSwift */,
			);
			productName = QuotesApp;
			productReference = 86BA794B2AF37A460021E40B /* QuotesApp.app */;
			productType = "com.apple.product-type.application";
		};
/* End PBXNativeTarget section */

/* Begin PBXProject section */
		86BA79432AF37A460021E40B /* Project object */ = {
			isa = PBXProject;
			attributes = {
				BuildIndependentTargetsInParallel = 1;
				LastSwiftUpdateCheck = 1430;
				LastUpgradeCheck = 1430;
				TargetAttributes = {
					86BA794A2AF37A460021E40B = {
						CreatedOnToolsVersion = 14.3.1;
					};
				};
			};
			buildConfigurationList = 86BA79462AF37A460021E40B /* Build configuration list for PBXProject "QuotesApp" */;
			compatibilityVersion = "Xcode 14.0";
			developmentRegion = en;
			hasScannedForEncodings = 0;
			knownRegions = (
				en,
				Base,
			);
			mainGroup = 86BA79422AF37A460021E40B;
			packageReferences = (
				86BA79622AF37DCB0021E40B /* XCRemoteSwiftPackageReference "realm-swift" */,
			);
			productRefGroup = 86BA794C2AF37A460021E40B /* Products */;
			projectDirPath = "";
			projectRoot = "";
			targets = (
				86BA794A2AF37A460021E40B /* QuotesApp */,
			);
		};
/* End PBXProject section */

/* Begin PBXResourcesBuildPhase section */
		86BA79492AF37A460021E40B /* Resources */ = {
			isa = PBXResourcesBuildPhase;
			buildActionMask = 2147483647;
			files = (
				86BA795B2AF37A490021E40B /* LaunchScreen.storyboard in Resources */,
				86BA79582AF37A490021E40B /* Assets.xcassets in Resources */,
			);
			runOnlyForDeploymentPostprocessing = 0;
		};
/* End PBXResourcesBuildPhase section */

/* Begin PBXSourcesBuildPhase section */
		86BA79472AF37A460021E40B /* Sources */ = {
			isa = PBXSourcesBuildPhase;
			buildActionMask = 2147483647;
			files = (
				86BA79742AF3DFF40021E40B /* SecondViewController.swift in Sources */,
				86BA79762AF3E0800021E40B /* ThirdViewController.swift in Sources */,
				86BA796B2AF390A30021E40B /* Quote.swift in Sources */,
				863E36272AF63857009B0C9D /* CellViewCell.swift in Sources */,
				86BA79532AF37A460021E40B /* FirstViewController.swift in Sources */,
				86BA794F2AF37A460021E40B /* AppDelegate.swift in Sources */,
				86BA79702AF3A3620021E40B /* NetworkService.swift in Sources */,
				863E36222AF6261E009B0C9D /* QuotesByCategoryViewController.swift in Sources */,
				86BA79512AF37A460021E40B /* SceneDelegate.swift in Sources */,
				863E36202AF5EEE9009B0C9D /* ToDoService.swift in Sources */,
				86BA79722AF3B0870021E40B /* QuoteJSON.swift in Sources */,
			);
			runOnlyForDeploymentPostprocessing = 0;
		};
/* End PBXSourcesBuildPhase section */

/* Begin PBXVariantGroup section */
		86BA79592AF37A490021E40B /* LaunchScreen.storyboard */ = {
			isa = PBXVariantGroup;
			children = (
				86BA795A2AF37A490021E40B /* Base */,
			);
			name = LaunchScreen.storyboard;
			sourceTree = "<group>";
		};
/* End PBXVariantGroup section */

/* Begin XCBuildConfiguration section */
		86BA795D2AF37A490021E40B /* Debug */ = {
			isa = XCBuildConfiguration;
			buildSettings = {
				ALWAYS_SEARCH_USER_PATHS = NO;
				CLANG_ANALYZER_NONNULL = YES;
				CLANG_ANALYZER_NUMBER_OBJECT_CONVERSION = YES_AGGRESSIVE;
				CLANG_CXX_LANGUAGE_STANDARD = "gnu++20";
				CLANG_ENABLE_MODULES = YES;
				CLANG_ENABLE_OBJC_ARC = YES;
				CLANG_ENABLE_OBJC_WEAK = YES;
				CLANG_WARN_BLOCK_CAPTURE_AUTORELEASING = YES;
				CLANG_WARN_BOOL_CONVERSION = YES;
				CLANG_WARN_COMMA = YES;
				CLANG_WARN_CONSTANT_CONVERSION = YES;
				CLANG_WARN_DEPRECATED_OBJC_IMPLEMENTATIONS = YES;
				CLANG_WARN_DIRECT_OBJC_ISA_USAGE = YES_ERROR;
				CLANG_WARN_DOCUMENTATION_COMMENTS = YES;
				CLANG_WARN_EMPTY_BODY = YES;
				CLANG_WARN_ENUM_CONVERSION = YES;
				CLANG_WARN_INFINITE_RECURSION = YES;
				CLANG_WARN_INT_CONVERSION = YES;
				CLANG_WARN_NON_LITERAL_NULL_CONVERSION = YES;
				CLANG_WARN_OBJC_IMPLICIT_RETAIN_SELF = YES;
				CLANG_WARN_OBJC_LITERAL_CONVERSION = YES;
				CLANG_WARN_OBJC_ROOT_CLASS = YES_ERROR;
				CLANG_WARN_QUOTED_INCLUDE_IN_FRAMEWORK_HEADER = YES;
				CLANG_WARN_RANGE_LOOP_ANALYSIS = YES;
				CLANG_WARN_STRICT_PROTOTYPES = YES;
				CLANG_WARN_SUSPICIOUS_MOVE = YES;
				CLANG_WARN_UNGUARDED_AVAILABILITY = YES_AGGRESSIVE;
				CLANG_WARN_UNREACHABLE_CODE = YES;
				CLANG_WARN__DUPLICATE_METHOD_MATCH = YES;
				COPY_PHASE_STRIP = NO;
				DEBUG_INFORMATION_FORMAT = dwarf;
				ENABLE_STRICT_OBJC_MSGSEND = YES;
				ENABLE_TESTABILITY = YES;
				GCC_C_LANGUAGE_STANDARD = gnu11;
				GCC_DYNAMIC_NO_PIC = NO;
				GCC_NO_COMMON_BLOCKS = YES;
				GCC_OPTIMIZATION_LEVEL = 0;
				GCC_PREPROCESSOR_DEFINITIONS = (
					"DEBUG=1",
					"$(inherited)",
				);
				GCC_WARN_64_TO_32_BIT_CONVERSION = YES;
				GCC_WARN_ABOUT_RETURN_TYPE = YES_ERROR;
				GCC_WARN_UNDECLARED_SELECTOR = YES;
				GCC_WARN_UNINITIALIZED_AUTOS = YES_AGGRESSIVE;
				GCC_WARN_UNUSED_FUNCTION = YES;
				GCC_WARN_UNUSED_VARIABLE = YES;
				IPHONEOS_DEPLOYMENT_TARGET = 16.4;
				MTL_ENABLE_DEBUG_INFO = INCLUDE_SOURCE;
				MTL_FAST_MATH = YES;
				ONLY_ACTIVE_ARCH = YES;
				SDKROOT = iphoneos;
				SWIFT_ACTIVE_COMPILATION_CONDITIONS = DEBUG;
				SWIFT_OPTIMIZATION_LEVEL = "-Onone";
			};
			name = Debug;
		};
		86BA795E2AF37A490021E40B /* Release */ = {
			isa = XCBuildConfiguration;
			buildSettings = {
				ALWAYS_SEARCH_USER_PATHS = NO;
				CLANG_ANALYZER_NONNULL = YES;
				CLANG_ANALYZER_NUMBER_OBJECT_CONVERSION = YES_AGGRESSIVE;
				CLANG_CXX_LANGUAGE_STANDARD = "gnu++20";
				CLANG_ENABLE_MODULES = YES;
				CLANG_ENABLE_OBJC_ARC = YES;
				CLANG_ENABLE_OBJC_WEAK = YES;
				CLANG_WARN_BLOCK_CAPTURE_AUTORELEASING = YES;
				CLANG_WARN_BOOL_CONVERSION = YES;
				CLANG_WARN_COMMA = YES;
				CLANG_WARN_CONSTANT_CONVERSION = YES;
				CLANG_WARN_DEPRECATED_OBJC_IMPLEMENTATIONS = YES;
				CLANG_WARN_DIRECT_OBJC_ISA_USAGE = YES_ERROR;
				CLANG_WARN_DOCUMENTATION_COMMENTS = YES;
				CLANG_WARN_EMPTY_BODY = YES;
				CLANG_WARN_ENUM_CONVERSION = YES;
				CLANG_WARN_INFINITE_RECURSION = YES;
				CLANG_WARN_INT_CONVERSION = YES;
				CLANG_WARN_NON_LITERAL_NULL_CONVERSION = YES;
				CLANG_WARN_OBJC_IMPLICIT_RETAIN_SELF = YES;
				CLANG_WARN_OBJC_LITERAL_CONVERSION = YES;
				CLANG_WARN_OBJC_ROOT_CLASS = YES_ERROR;
				CLANG_WARN_QUOTED_INCLUDE_IN_FRAMEWORK_HEADER = YES;
				CLANG_WARN_RANGE_LOOP_ANALYSIS = YES;
				CLANG_WARN_STRICT_PROTOTYPES = YES;
				CLANG_WARN_SUSPICIOUS_MOVE = YES;
				CLANG_WARN_UNGUARDED_AVAILABILITY = YES_AGGRESSIVE;
				CLANG_WARN_UNREACHABLE_CODE = YES;
				CLANG_WARN__DUPLICATE_METHOD_MATCH = YES;
				COPY_PHASE_STRIP = NO;
				DEBUG_INFORMATION_FORMAT = "dwarf-with-dsym";
				ENABLE_NS_ASSERTIONS = NO;
				ENABLE_STRICT_OBJC_MSGSEND = YES;
				GCC_C_LANGUAGE_STANDARD = gnu11;
				GCC_NO_COMMON_BLOCKS = YES;
				GCC_WARN_64_TO_32_BIT_CONVERSION = YES;
				GCC_WARN_ABOUT_RETURN_TYPE = YES_ERROR;
				GCC_WARN_UNDECLARED_SELECTOR = YES;
				GCC_WARN_UNINITIALIZED_AUTOS = YES_AGGRESSIVE;
				GCC_WARN_UNUSED_FUNCTION = YES;
				GCC_WARN_UNUSED_VARIABLE = YES;
				IPHONEOS_DEPLOYMENT_TARGET = 16.4;
				MTL_ENABLE_DEBUG_INFO = NO;
				MTL_FAST_MATH = YES;
				SDKROOT = iphoneos;
				SWIFT_COMPILATION_MODE = wholemodule;
				SWIFT_OPTIMIZATION_LEVEL = "-O";
				VALIDATE_PRODUCT = YES;
			};
			name = Release;
		};
		86BA79602AF37A490021E40B /* Debug */ = {
			isa = XCBuildConfiguration;
			buildSettings = {
				ASSETCATALOG_COMPILER_APPICON_NAME = AppIcon;
				ASSETCATALOG_COMPILER_GLOBAL_ACCENT_COLOR_NAME = AccentColor;
				CODE_SIGN_STYLE = Automatic;
				CURRENT_PROJECT_VERSION = 1;
				GENERATE_INFOPLIST_FILE = YES;
				INFOPLIST_FILE = QuotesApp/Info.plist;
				INFOPLIST_KEY_UIApplicationSupportsIndirectInputEvents = YES;
				INFOPLIST_KEY_UILaunchStoryboardName = LaunchScreen;
				INFOPLIST_KEY_UISupportedInterfaceOrientations_iPad = "UIInterfaceOrientationPortrait UIInterfaceOrientationPortraitUpsideDown UIInterfaceOrientationLandscapeLeft UIInterfaceOrientationLandscapeRight";
				INFOPLIST_KEY_UISupportedInterfaceOrientations_iPhone = "UIInterfaceOrientationPortrait UIInterfaceOrientationLandscapeLeft UIInterfaceOrientationLandscapeRight";
				LD_RUNPATH_SEARCH_PATHS = (
					"$(inherited)",
					"@executable_path/Frameworks",
				);
				MARKETING_VERSION = 1.0;
				PRODUCT_BUNDLE_IDENTIFIER = gordeeva.QuotesApp;
				PRODUCT_NAME = "$(TARGET_NAME)";
				SWIFT_EMIT_LOC_STRINGS = YES;
				SWIFT_VERSION = 5.0;
				TARGETED_DEVICE_FAMILY = "1,2";
			};
			name = Debug;
		};
		86BA79612AF37A490021E40B /* Release */ = {
			isa = XCBuildConfiguration;
			buildSettings = {
				ASSETCATALOG_COMPILER_APPICON_NAME = AppIcon;
				ASSETCATALOG_COMPILER_GLOBAL_ACCENT_COLOR_NAME = AccentColor;
				CODE_SIGN_STYLE = Automatic;
				CURRENT_PROJECT_VERSION = 1;
				GENERATE_INFOPLIST_FILE = YES;
				INFOPLIST_FILE = QuotesApp/Info.plist;
				INFOPLIST_KEY_UIApplicationSupportsIndirectInputEvents = YES;
				INFOPLIST_KEY_UILaunchStoryboardName = LaunchScreen;
				INFOPLIST_KEY_UISupportedInterfaceOrientations_iPad = "UIInterfaceOrientationPortrait UIInterfaceOrientationPortraitUpsideDown UIInterfaceOrientationLandscapeLeft UIInterfaceOrientationLandscapeRight";
				INFOPLIST_KEY_UISupportedInterfaceOrientations_iPhone = "UIInterfaceOrientationPortrait UIInterfaceOrientationLandscapeLeft UIInterfaceOrientationLandscapeRight";
				LD_RUNPATH_SEARCH_PATHS = (
					"$(inherited)",
					"@executable_path/Frameworks",
				);
				MARKETING_VERSION = 1.0;
				PRODUCT_BUNDLE_IDENTIFIER = gordeeva.QuotesApp;
				PRODUCT_NAME = "$(TARGET_NAME)";
				SWIFT_EMIT_LOC_STRINGS = YES;
				SWIFT_VERSION = 5.0;
				TARGETED_DEVICE_FAMILY = "1,2";
			};
			name = Release;
		};
/* End XCBuildConfiguration section */

/* Begin XCConfigurationList section */
		86BA79462AF37A460021E40B /* Build configuration list for PBXProject "QuotesApp" */ = {
			isa = XCConfigurationList;
			buildConfigurations = (
				86BA795D2AF37A490021E40B /* Debug */,
				86BA795E2AF37A490021E40B /* Release */,
			);
			defaultConfigurationIsVisible = 0;
			defaultConfigurationName = Release;
		};
		86BA795F2AF37A490021E40B /* Build configuration list for PBXNativeTarget "QuotesApp" */ = {
			isa = XCConfigurationList;
			buildConfigurations = (
				86BA79602AF37A490021E40B /* Debug */,
				86BA79612AF37A490021E40B /* Release */,
			);
			defaultConfigurationIsVisible = 0;
			defaultConfigurationName = Release;
		};
/* End XCConfigurationList section */

/* Begin XCRemoteSwiftPackageReference section */
		86BA79622AF37DCB0021E40B /* XCRemoteSwiftPackageReference "realm-swift" */ = {
			isa = XCRemoteSwiftPackageReference;
			repositoryURL = "https://github.com/realm/realm-swift.git";
			requirement = {
				branch = master;
				kind = branch;
			};
		};
/* End XCRemoteSwiftPackageReference section */

/* Begin XCSwiftPackageProductDependency section */
		86BA79632AF37DCB0021E40B /* Realm */ = {
			isa = XCSwiftPackageProductDependency;
			package = 86BA79622AF37DCB0021E40B /* XCRemoteSwiftPackageReference "realm-swift" */;
			productName = Realm;
		};
		86BA79652AF37DCB0021E40B /* RealmSwift */ = {
			isa = XCSwiftPackageProductDependency;
			package = 86BA79622AF37DCB0021E40B /* XCRemoteSwiftPackageReference "realm-swift" */;
			productName = RealmSwift;
		};
/* End XCSwiftPackageProductDependency section */
	};
	rootObject = 86BA79432AF37A460021E40B /* Project object */;
}
